
Microsoft Visual Studio Solution File, Format Version 12.00
# Visual Studio 15
VisualStudioVersion = 15.0.27004.2010
MinimumVisualStudioVersion = 10.0.40219.1
Project("{9A19103F-16F7-4668-BE54-9A1E7A4F7556}") = "Loria.Core", "netstandard20\Loria.Core\Loria.Core.csproj", "{8E101E1A-E3D7-42EA-B7F2-607BB53DF675}"
EndProject
Project("{9A19103F-16F7-4668-BE54-9A1E7A4F7556}") = "Loria", "netstandard20\Loria\Loria.csproj", "{359ED0DC-611E-4333-985F-1C642BB9D169}"
EndProject
Project("{FAE04EC0-301F-11D3-BF4B-00C04F79EFBC}") = "Loria", "net461\Loria\Loria.csproj", "{326D51F3-F3D2-4EF1-A631-EE5201E5A6E6}"
EndProject
Project("{9A19103F-16F7-4668-BE54-9A1E7A4F7556}") = "Loria.Modules.Console", "netstandard20\Modules\Loria.Modules.Console\Loria.Modules.Console.csproj", "{8D089971-90FF-4E63-B489-27678B88779D}"
EndProject
Project("{FAE04EC0-301F-11D3-BF4B-00C04F79EFBC}") = "Loria.Modules.Voice", "net461\Modules\Loria.Modules.Voice\Loria.Modules.Voice.csproj", "{DAD7F835-4A5D-4E72-84F6-AF15C69C560C}"
EndProject
Project("{9A19103F-16F7-4668-BE54-9A1E7A4F7556}") = "Loria.Modules.DateTime", "netstandard20\Modules\Loria.Modules.DateTime\Loria.Modules.DateTime.csproj", "{EE1F28CA-7998-47EA-9AD4-A898CD8B5AD1}"
EndProject
Project("{9A19103F-16F7-4668-BE54-9A1E7A4F7556}") = "Loria.Modules.NuGet", "netstandard20\Modules\Loria.Modules.NuGet\Loria.Modules.NuGet.csproj", "{3CCB99D6-A845-431A-988F-67A1D676D110}"
EndProject
Project("{9A19103F-16F7-4668-BE54-9A1E7A4F7556}") = "Loria.Modules.Reminder", "netstandard20\Modules\Loria.Modules.Reminder\Loria.Modules.Reminder.csproj", "{1491236C-8D91-40AE-AA42-9AC12FD61A45}"
EndProject
Project("{2150E333-8FDC-42A3-9474-1A3956D46DE8}") = "netstandard20", "netstandard20", "{8E111616-D249-45FC-9652-EB2BDA2E0B86}"
EndProject
Project("{2150E333-8FDC-42A3-9474-1A3956D46DE8}") = "net461", "net461", "{5C8AC250-3893-4FAA-AF1E-92EDCF3210BE}"
EndProject
Global
	GlobalSection(SolutionConfigurationPlatforms) = preSolution
		Debug|Any CPU = Debug|Any CPU
		Release|Any CPU = Release|Any CPU
	EndGlobalSection
	GlobalSection(ProjectConfigurationPlatforms) = postSolution
		{8E101E1A-E3D7-42EA-B7F2-607BB53DF675}.Debug|Any CPU.ActiveCfg = Debug|Any CPU
		{8E101E1A-E3D7-42EA-B7F2-607BB53DF675}.Debug|Any CPU.Build.0 = Debug|Any CPU
		{8E101E1A-E3D7-42EA-B7F2-607BB53DF675}.Release|Any CPU.ActiveCfg = Release|Any CPU
		{8E101E1A-E3D7-42EA-B7F2-607BB53DF675}.Release|Any CPU.Build.0 = Release|Any CPU
		{359ED0DC-611E-4333-985F-1C642BB9D169}.Debug|Any CPU.ActiveCfg = Debug|Any CPU
		{359ED0DC-611E-4333-985F-1C642BB9D169}.Debug|Any CPU.Build.0 = Debug|Any CPU
		{359ED0DC-611E-4333-985F-1C642BB9D169}.Release|Any CPU.ActiveCfg = Release|Any CPU
		{359ED0DC-611E-4333-985F-1C642BB9D169}.Release|Any CPU.Build.0 = Release|Any CPU
		{326D51F3-F3D2-4EF1-A631-EE5201E5A6E6}.Debug|Any CPU.ActiveCfg = Debug|Any CPU
		{326D51F3-F3D2-4EF1-A631-EE5201E5A6E6}.Debug|Any CPU.Build.0 = Debug|Any CPU
		{326D51F3-F3D2-4EF1-A631-EE5201E5A6E6}.Release|Any CPU.ActiveCfg = Release|Any CPU
		{326D51F3-F3D2-4EF1-A631-EE5201E5A6E6}.Release|Any CPU.Build.0 = Release|Any CPU
		{8D089971-90FF-4E63-B489-27678B88779D}.Debug|Any CPU.ActiveCfg = Debug|Any CPU
		{8D089971-90FF-4E63-B489-27678B88779D}.Debug|Any CPU.Build.0 = Debug|Any CPU
		{8D089971-90FF-4E63-B489-27678B88779D}.Release|Any CPU.ActiveCfg = Release|Any CPU
		{8D089971-90FF-4E63-B489-27678B88779D}.Release|Any CPU.Build.0 = Release|Any CPU
		{DAD7F835-4A5D-4E72-84F6-AF15C69C560C}.Debug|Any CPU.ActiveCfg = Debug|Any CPU
		{DAD7F835-4A5D-4E72-84F6-AF15C69C560C}.Debug|Any CPU.Build.0 = Debug|Any CPU
		{DAD7F835-4A5D-4E72-84F6-AF15C69C560C}.Release|Any CPU.ActiveCfg = Release|Any CPU
		{DAD7F835-4A5D-4E72-84F6-AF15C69C560C}.Release|Any CPU.Build.0 = Release|Any CPU
		{EE1F28CA-7998-47EA-9AD4-A898CD8B5AD1}.Debug|Any CPU.ActiveCfg = Debug|Any CPU
		{EE1F28CA-7998-47EA-9AD4-A898CD8B5AD1}.Debug|Any CPU.Build.0 = Debug|Any CPU
		{EE1F28CA-7998-47EA-9AD4-A898CD8B5AD1}.Release|Any CPU.ActiveCfg = Release|Any CPU
		{EE1F28CA-7998-47EA-9AD4-A898CD8B5AD1}.Release|Any CPU.Build.0 = Release|Any CPU
		{3CCB99D6-A845-431A-988F-67A1D676D110}.Debug|Any CPU.ActiveCfg = Debug|Any CPU
		{3CCB99D6-A845-431A-988F-67A1D676D110}.Debug|Any CPU.Build.0 = Debug|Any CPU
		{3CCB99D6-A845-431A-988F-67A1D676D110}.Release|Any CPU.ActiveCfg = Release|Any CPU
		{3CCB99D6-A845-431A-988F-67A1D676D110}.Release|Any CPU.Build.0 = Release|Any CPU
		{1491236C-8D91-40AE-AA42-9AC12FD61A45}.Debug|Any CPU.ActiveCfg = Debug|Any CPU
		{1491236C-8D91-40AE-AA42-9AC12FD61A45}.Debug|Any CPU.Build.0 = Debug|Any CPU
		{1491236C-8D91-40AE-AA42-9AC12FD61A45}.Release|Any CPU.ActiveCfg = Release|Any CPU
		{1491236C-8D91-40AE-AA42-9AC12FD61A45}.Release|Any CPU.Build.0 = Release|Any CPU
	EndGlobalSection
	GlobalSection(SolutionProperties) = preSolution
		HideSolutionNode = FALSE
	EndGlobalSection
	GlobalSection(NestedProjects) = preSolution
		{8E101E1A-E3D7-42EA-B7F2-607BB53DF675} = {8E111616-D249-45FC-9652-EB2BDA2E0B86}
		{359ED0DC-611E-4333-985F-1C642BB9D169} = {8E111616-D249-45FC-9652-EB2BDA2E0B86}
		{326D51F3-F3D2-4EF1-A631-EE5201E5A6E6} = {5C8AC250-3893-4FAA-AF1E-92EDCF3210BE}
		{8D089971-90FF-4E63-B489-27678B88779D} = {8E111616-D249-45FC-9652-EB2BDA2E0B86}
		{DAD7F835-4A5D-4E72-84F6-AF15C69C560C} = {5C8AC250-3893-4FAA-AF1E-92EDCF3210BE}
		{EE1F28CA-7998-47EA-9AD4-A898CD8B5AD1} = {8E111616-D249-45FC-9652-EB2BDA2E0B86}
		{3CCB99D6-A845-431A-988F-67A1D676D110} = {8E111616-D249-45FC-9652-EB2BDA2E0B86}
		{1491236C-8D91-40AE-AA42-9AC12FD61A45} = {8E111616-D249-45FC-9652-EB2BDA2E0B86}
	EndGlobalSection
	GlobalSection(ExtensibilityGlobals) = postSolution
		SolutionGuid = {284ABE97-6B50-4022-AAA0-86D3ACD005CA}
	EndGlobalSection
EndGlobal
