
Microsoft Visual Studio Solution File, Format Version 12.00
# Visual Studio 15
VisualStudioVersion = 15.0.27004.2009
MinimumVisualStudioVersion = 10.0.40219.1
Project("{9A19103F-16F7-4668-BE54-9A1E7A4F7556}") = "Loria.Core", "Loria.Core\Loria.Core.csproj", "{8E101E1A-E3D7-42EA-B7F2-607BB53DF675}"
EndProject
Project("{2150E333-8FDC-42A3-9474-1A3956D46DE8}") = "Modules", "Modules", "{1675FA6C-DF85-4766-80AC-CCB39C11D4A2}"
EndProject
Project("{9A19103F-16F7-4668-BE54-9A1E7A4F7556}") = "Loria.Modules.Console", "Modules\Loria.Modules.Console\Loria.Modules.Console.csproj", "{8D089971-90FF-4E63-B489-27678B88779D}"
EndProject
Project("{9A19103F-16F7-4668-BE54-9A1E7A4F7556}") = "Loria", "Loria\Loria.csproj", "{359ED0DC-611E-4333-985F-1C642BB9D169}"
EndProject
Project("{FAE04EC0-301F-11D3-BF4B-00C04F79EFBC}") = "Loria.Modules.Voice", "Modules\Loria.Modules.Voice\Loria.Modules.Voice.csproj", "{DAD7F835-4A5D-4E72-84F6-AF15C69C560C}"
EndProject
Project("{9A19103F-16F7-4668-BE54-9A1E7A4F7556}") = "Loria.Modules.DateTime", "Modules\Loria.Modules.DateTime\Loria.Modules.DateTime.csproj", "{EE1F28CA-7998-47EA-9AD4-A898CD8B5AD1}"
EndProject
Project("{9A19103F-16F7-4668-BE54-9A1E7A4F7556}") = "Loria.Modules.NuGet", "Modules\Loria.Modules.NuGet\Loria.Modules.NuGet.csproj", "{3CCB99D6-A845-431A-988F-67A1D676D110}"
EndProject
Project("{FAE04EC0-301F-11D3-BF4B-00C04F79EFBC}") = "LoriaNET", "LoriaNET\LoriaNET.csproj", "{326D51F3-F3D2-4EF1-A631-EE5201E5A6E6}"
EndProject
Global
	GlobalSection(SolutionConfigurationPlatforms) = preSolution
		Debug|Any CPU = Debug|Any CPU
		Release|Any CPU = Release|Any CPU
	EndGlobalSection
	GlobalSection(ProjectConfigurationPlatforms) = postSolution
		{8E101E1A-E3D7-42EA-B7F2-607BB53DF675}.Debug|Any CPU.ActiveCfg = Debug|Any CPU
		{8E101E1A-E3D7-42EA-B7F2-607BB53DF675}.Debug|Any CPU.Build.0 = Debug|Any CPU
		{8E101E1A-E3D7-42EA-B7F2-607BB53DF675}.Release|Any CPU.ActiveCfg = Release|Any CPU
		{8E101E1A-E3D7-42EA-B7F2-607BB53DF675}.Release|Any CPU.Build.0 = Release|Any CPU
		{8D089971-90FF-4E63-B489-27678B88779D}.Debug|Any CPU.ActiveCfg = Debug|Any CPU
		{8D089971-90FF-4E63-B489-27678B88779D}.Debug|Any CPU.Build.0 = Debug|Any CPU
		{8D089971-90FF-4E63-B489-27678B88779D}.Release|Any CPU.ActiveCfg = Release|Any CPU
		{8D089971-90FF-4E63-B489-27678B88779D}.Release|Any CPU.Build.0 = Release|Any CPU
		{359ED0DC-611E-4333-985F-1C642BB9D169}.Debug|Any CPU.ActiveCfg = Debug|Any CPU
		{359ED0DC-611E-4333-985F-1C642BB9D169}.Debug|Any CPU.Build.0 = Debug|Any CPU
		{359ED0DC-611E-4333-985F-1C642BB9D169}.Release|Any CPU.ActiveCfg = Release|Any CPU
		{359ED0DC-611E-4333-985F-1C642BB9D169}.Release|Any CPU.Build.0 = Release|Any CPU
		{DAD7F835-4A5D-4E72-84F6-AF15C69C560C}.Debug|Any CPU.ActiveCfg = Debug|Any CPU
		{DAD7F835-4A5D-4E72-84F6-AF15C69C560C}.Debug|Any CPU.Build.0 = Debug|Any CPU
		{DAD7F835-4A5D-4E72-84F6-AF15C69C560C}.Release|Any CPU.ActiveCfg = Release|Any CPU
		{DAD7F835-4A5D-4E72-84F6-AF15C69C560C}.Release|Any CPU.Build.0 = Release|Any CPU
		{EE1F28CA-7998-47EA-9AD4-A898CD8B5AD1}.Debug|Any CPU.ActiveCfg = Debug|Any CPU
		{EE1F28CA-7998-47EA-9AD4-A898CD8B5AD1}.Debug|Any CPU.Build.0 = Debug|Any CPU
		{EE1F28CA-7998-47EA-9AD4-A898CD8B5AD1}.Release|Any CPU.ActiveCfg = Release|Any CPU
		{EE1F28CA-7998-47EA-9AD4-A898CD8B5AD1}.Release|Any CPU.Build.0 = Release|Any CPU
		{3CCB99D6-A845-431A-988F-67A1D676D110}.Debug|Any CPU.ActiveCfg = Debug|Any CPU
		{3CCB99D6-A845-431A-988F-67A1D676D110}.Debug|Any CPU.Build.0 = Debug|Any CPU
		{3CCB99D6-A845-431A-988F-67A1D676D110}.Release|Any CPU.ActiveCfg = Release|Any CPU
		{3CCB99D6-A845-431A-988F-67A1D676D110}.Release|Any CPU.Build.0 = Release|Any CPU
		{326D51F3-F3D2-4EF1-A631-EE5201E5A6E6}.Debug|Any CPU.ActiveCfg = Debug|Any CPU
		{326D51F3-F3D2-4EF1-A631-EE5201E5A6E6}.Debug|Any CPU.Build.0 = Debug|Any CPU
		{326D51F3-F3D2-4EF1-A631-EE5201E5A6E6}.Release|Any CPU.ActiveCfg = Release|Any CPU
		{326D51F3-F3D2-4EF1-A631-EE5201E5A6E6}.Release|Any CPU.Build.0 = Release|Any CPU
	EndGlobalSection
	GlobalSection(SolutionProperties) = preSolution
		HideSolutionNode = FALSE
	EndGlobalSection
	GlobalSection(NestedProjects) = preSolution
		{8D089971-90FF-4E63-B489-27678B88779D} = {1675FA6C-DF85-4766-80AC-CCB39C11D4A2}
		{DAD7F835-4A5D-4E72-84F6-AF15C69C560C} = {1675FA6C-DF85-4766-80AC-CCB39C11D4A2}
		{EE1F28CA-7998-47EA-9AD4-A898CD8B5AD1} = {1675FA6C-DF85-4766-80AC-CCB39C11D4A2}
		{3CCB99D6-A845-431A-988F-67A1D676D110} = {1675FA6C-DF85-4766-80AC-CCB39C11D4A2}
	EndGlobalSection
	GlobalSection(ExtensibilityGlobals) = postSolution
		SolutionGuid = {284ABE97-6B50-4022-AAA0-86D3ACD005CA}
	EndGlobalSection
EndGlobal
